
Microsoft Visual Studio Solution File, Format Version 12.00
# Visual Studio Version 16
VisualStudioVersion = 16.0.31019.35
MinimumVisualStudioVersion = 10.0.40219.1
Project("{2150E333-8FDC-42A3-9474-1A3956D46DE8}") = "src", "src", "{65BBDD45-245D-4F04-9E31-CF623E37CE81}"
EndProject
Project("{2150E333-8FDC-42A3-9474-1A3956D46DE8}") = "test", "test", "{27272A88-4EAF-4388-8D77-168521C3538E}"
EndProject
Project("{2150E333-8FDC-42A3-9474-1A3956D46DE8}") = "API", "API", "{E09A4F1A-773E-4432-B8BC-DCA0A3CC0894}"
EndProject
Project("{2150E333-8FDC-42A3-9474-1A3956D46DE8}") = "Core", "Core", "{6E5D471A-C62D-45F4-AAAA-191EE64EAF5B}"
EndProject
Project("{2150E333-8FDC-42A3-9474-1A3956D46DE8}") = "Infrstructure", "Infrstructure", "{A79EBA17-5A64-43A4-98BD-AD5C80B61FA3}"
EndProject
Project("{9A19103F-16F7-4668-BE54-9A1E7A4F7556}") = "MyKafka.Application", "MyKafka.Application\MyKafka.Application.csproj", "{580FC568-CAB1-4655-B0A7-413D935B379F}"
EndProject
Project("{9A19103F-16F7-4668-BE54-9A1E7A4F7556}") = "MyKafka.Domain", "MyKafka.Domain\MyKafka.Domain.csproj", "{B3CFF5BB-4EDA-4FBD-BC6A-A4BA75AD3EA4}"
EndProject
Project("{9A19103F-16F7-4668-BE54-9A1E7A4F7556}") = "MyKafka.Infrastructure", "MyKafka.Infrastructure\MyKafka.Infrastructure.csproj", "{3383074A-A1E2-4B51-B2E2-F47723E10899}"
EndProject
Project("{9A19103F-16F7-4668-BE54-9A1E7A4F7556}") = "MyKafka.Api", "MyKafka.Api\MyKafka.Api.csproj", "{E157C347-0D76-4B48-9A85-0F7C84D1C395}"
EndProject
Project("{9A19103F-16F7-4668-BE54-9A1E7A4F7556}") = "MyKafka.DataAccess", "MyKafka.DataAccess\MyKafka.DataAccess.csproj", "{52C285B1-E855-49BC-A8D2-F2A3F3FA1466}"
EndProject
Project("{9A19103F-16F7-4668-BE54-9A1E7A4F7556}") = "MyKafka.Application.UnitTests", "MyKafka.Application.UnitTests\MyKafka.Application.UnitTests.csproj", "{81BBDC06-A586-469E-8B0E-447172030F59}"
EndProject
Project("{FAE04EC0-301F-11D3-BF4B-00C04F79EFBC}") = "MyKafka.Tests.Common", "MyKafka.Tests.Common\MyKafka.Tests.Common.csproj", "{94D72A77-BA2C-4997-9A89-6ED35E45DFC0}"
EndProject
Global
	GlobalSection(SolutionConfigurationPlatforms) = preSolution
		Debug|Any CPU = Debug|Any CPU
		Release|Any CPU = Release|Any CPU
	EndGlobalSection
	GlobalSection(ProjectConfigurationPlatforms) = postSolution
		{580FC568-CAB1-4655-B0A7-413D935B379F}.Debug|Any CPU.ActiveCfg = Debug|Any CPU
		{580FC568-CAB1-4655-B0A7-413D935B379F}.Debug|Any CPU.Build.0 = Debug|Any CPU
		{580FC568-CAB1-4655-B0A7-413D935B379F}.Release|Any CPU.ActiveCfg = Release|Any CPU
		{580FC568-CAB1-4655-B0A7-413D935B379F}.Release|Any CPU.Build.0 = Release|Any CPU
		{B3CFF5BB-4EDA-4FBD-BC6A-A4BA75AD3EA4}.Debug|Any CPU.ActiveCfg = Debug|Any CPU
		{B3CFF5BB-4EDA-4FBD-BC6A-A4BA75AD3EA4}.Debug|Any CPU.Build.0 = Debug|Any CPU
		{B3CFF5BB-4EDA-4FBD-BC6A-A4BA75AD3EA4}.Release|Any CPU.ActiveCfg = Release|Any CPU
		{B3CFF5BB-4EDA-4FBD-BC6A-A4BA75AD3EA4}.Release|Any CPU.Build.0 = Release|Any CPU
		{3383074A-A1E2-4B51-B2E2-F47723E10899}.Debug|Any CPU.ActiveCfg = Debug|Any CPU
		{3383074A-A1E2-4B51-B2E2-F47723E10899}.Debug|Any CPU.Build.0 = Debug|Any CPU
		{3383074A-A1E2-4B51-B2E2-F47723E10899}.Release|Any CPU.ActiveCfg = Release|Any CPU
		{3383074A-A1E2-4B51-B2E2-F47723E10899}.Release|Any CPU.Build.0 = Release|Any CPU
		{E157C347-0D76-4B48-9A85-0F7C84D1C395}.Debug|Any CPU.ActiveCfg = Debug|Any CPU
		{E157C347-0D76-4B48-9A85-0F7C84D1C395}.Debug|Any CPU.Build.0 = Debug|Any CPU
		{E157C347-0D76-4B48-9A85-0F7C84D1C395}.Release|Any CPU.ActiveCfg = Release|Any CPU
		{E157C347-0D76-4B48-9A85-0F7C84D1C395}.Release|Any CPU.Build.0 = Release|Any CPU
		{52C285B1-E855-49BC-A8D2-F2A3F3FA1466}.Debug|Any CPU.ActiveCfg = Debug|Any CPU
		{52C285B1-E855-49BC-A8D2-F2A3F3FA1466}.Debug|Any CPU.Build.0 = Debug|Any CPU
		{52C285B1-E855-49BC-A8D2-F2A3F3FA1466}.Release|Any CPU.ActiveCfg = Release|Any CPU
		{52C285B1-E855-49BC-A8D2-F2A3F3FA1466}.Release|Any CPU.Build.0 = Release|Any CPU
		{81BBDC06-A586-469E-8B0E-447172030F59}.Debug|Any CPU.ActiveCfg = Debug|Any CPU
		{81BBDC06-A586-469E-8B0E-447172030F59}.Debug|Any CPU.Build.0 = Debug|Any CPU
		{81BBDC06-A586-469E-8B0E-447172030F59}.Release|Any CPU.ActiveCfg = Release|Any CPU
		{81BBDC06-A586-469E-8B0E-447172030F59}.Release|Any CPU.Build.0 = Release|Any CPU
		{94D72A77-BA2C-4997-9A89-6ED35E45DFC0}.Debug|Any CPU.ActiveCfg = Debug|Any CPU
		{94D72A77-BA2C-4997-9A89-6ED35E45DFC0}.Debug|Any CPU.Build.0 = Debug|Any CPU
		{94D72A77-BA2C-4997-9A89-6ED35E45DFC0}.Release|Any CPU.ActiveCfg = Release|Any CPU
		{94D72A77-BA2C-4997-9A89-6ED35E45DFC0}.Release|Any CPU.Build.0 = Release|Any CPU
	EndGlobalSection
	GlobalSection(SolutionProperties) = preSolution
		HideSolutionNode = FALSE
	EndGlobalSection
	GlobalSection(NestedProjects) = preSolution
		{E09A4F1A-773E-4432-B8BC-DCA0A3CC0894} = {65BBDD45-245D-4F04-9E31-CF623E37CE81}
		{6E5D471A-C62D-45F4-AAAA-191EE64EAF5B} = {65BBDD45-245D-4F04-9E31-CF623E37CE81}
		{A79EBA17-5A64-43A4-98BD-AD5C80B61FA3} = {65BBDD45-245D-4F04-9E31-CF623E37CE81}
		{580FC568-CAB1-4655-B0A7-413D935B379F} = {6E5D471A-C62D-45F4-AAAA-191EE64EAF5B}
		{B3CFF5BB-4EDA-4FBD-BC6A-A4BA75AD3EA4} = {6E5D471A-C62D-45F4-AAAA-191EE64EAF5B}
		{3383074A-A1E2-4B51-B2E2-F47723E10899} = {A79EBA17-5A64-43A4-98BD-AD5C80B61FA3}
		{E157C347-0D76-4B48-9A85-0F7C84D1C395} = {E09A4F1A-773E-4432-B8BC-DCA0A3CC0894}
		{52C285B1-E855-49BC-A8D2-F2A3F3FA1466} = {A79EBA17-5A64-43A4-98BD-AD5C80B61FA3}
		{81BBDC06-A586-469E-8B0E-447172030F59} = {27272A88-4EAF-4388-8D77-168521C3538E}
		{94D72A77-BA2C-4997-9A89-6ED35E45DFC0} = {27272A88-4EAF-4388-8D77-168521C3538E}
	EndGlobalSection
	GlobalSection(ExtensibilityGlobals) = postSolution
		SolutionGuid = {42B91868-F43E-4ECF-B8BD-5EB9F4ECF557}
	EndGlobalSection
EndGlobal
